
Microsoft Visual Studio Solution File, Format Version 12.00
# Visual Studio 15
VisualStudioVersion = 15.0.26124.0
MinimumVisualStudioVersion = 15.0.26124.0
Project("{FAE04EC0-301F-11D3-BF4B-00C04F79EFBC}") = "Realso.Core", "Realso.Core\Realso.Core.csproj", "{4C2B4D42-EE19-4229-AF6F-44505B562F69}"
EndProject
Project("{FAE04EC0-301F-11D3-BF4B-00C04F79EFBC}") = "Realso.WebAPI", "Realso.WebAPI\Realso.WebAPI.csproj", "{1D3DA4A1-B8D4-46A0-B3F1-F87FE3D8962F}"
EndProject
Project("{FAE04EC0-301F-11D3-BF4B-00C04F79EFBC}") = "Realso.Test", "Realso.Test\Realso.Test.csproj", "{F7809071-F0A6-4CF1-B82B-5C6B4883118C}"
EndProject
Project("{FAE04EC0-301F-11D3-BF4B-00C04F79EFBC}") = "Realso.Data.ORM", "Realso.Data.ORM\Realso.Data.ORM.csproj", "{836DAE4D-0382-462A-98CF-C938B4E4E50F}"
EndProject
Project("{FAE04EC0-301F-11D3-BF4B-00C04F79EFBC}") = "Realso.Data.DBAccess", "Realso.Data.DBAccess\Realso.Data.DBAccess.csproj", "{0B6B1F9B-9216-45E0-BE61-6D05DDA93FE4}"
EndProject
Project("{FAE04EC0-301F-11D3-BF4B-00C04F79EFBC}") = "Realso.Data.ORM.Test", "Realso.Data.ORM.Test\Realso.Data.ORM.Test.csproj", "{175CF5B4-C45C-42B9-AC2E-E449CC109675}"
EndProject
Project("{FAE04EC0-301F-11D3-BF4B-00C04F79EFBC}") = "Realso.Auth", "Realso.Auth\Realso.Auth.csproj", "{D62BDB43-C5DE-4811-86A5-11BF3280BBBC}"
EndProject
Project("{FAE04EC0-301F-11D3-BF4B-00C04F79EFBC}") = "Realso.Utils", "Realso.Utils\Realso.Utils.csproj", "{650F26E4-D8F3-4EEF-B03F-8FEE538011CC}"
EndProject
Project("{FAE04EC0-301F-11D3-BF4B-00C04F79EFBC}") = "Realso.Data.ORM.Core", "Realso.Data.ORM.Core\Realso.Data.ORM.Core.csproj", "{61104B52-731C-4BD8-B888-B37864F695A0}"
EndProject
Project("{FAE04EC0-301F-11D3-BF4B-00C04F79EFBC}") = "My.Test", "My.Test\My.Test.csproj", "{BBD38665-F691-4581-9EF0-ABA7D5296DB8}"
EndProject
Project("{FAE04EC0-301F-11D3-BF4B-00C04F79EFBC}") = "Realso.Assistant.Test", "Realso.Assistant.Test\Realso.Assistant.Test.csproj", "{8E724097-FCBE-478D-8CD0-696C4E5F13A0}"
EndProject
Global
	GlobalSection(SolutionConfigurationPlatforms) = preSolution
		Debug|Any CPU = Debug|Any CPU
		Debug|x64 = Debug|x64
		Debug|x86 = Debug|x86
		Release|Any CPU = Release|Any CPU
		Release|x64 = Release|x64
		Release|x86 = Release|x86
	EndGlobalSection
	GlobalSection(ProjectConfigurationPlatforms) = postSolution
		{4C2B4D42-EE19-4229-AF6F-44505B562F69}.Debug|Any CPU.ActiveCfg = Debug|Any CPU
		{4C2B4D42-EE19-4229-AF6F-44505B562F69}.Debug|Any CPU.Build.0 = Debug|Any CPU
		{4C2B4D42-EE19-4229-AF6F-44505B562F69}.Debug|x64.ActiveCfg = Debug|Any CPU
		{4C2B4D42-EE19-4229-AF6F-44505B562F69}.Debug|x64.Build.0 = Debug|Any CPU
		{4C2B4D42-EE19-4229-AF6F-44505B562F69}.Debug|x86.ActiveCfg = Debug|Any CPU
		{4C2B4D42-EE19-4229-AF6F-44505B562F69}.Debug|x86.Build.0 = Debug|Any CPU
		{4C2B4D42-EE19-4229-AF6F-44505B562F69}.Release|Any CPU.ActiveCfg = Release|Any CPU
		{4C2B4D42-EE19-4229-AF6F-44505B562F69}.Release|Any CPU.Build.0 = Release|Any CPU
		{4C2B4D42-EE19-4229-AF6F-44505B562F69}.Release|x64.ActiveCfg = Release|Any CPU
		{4C2B4D42-EE19-4229-AF6F-44505B562F69}.Release|x64.Build.0 = Release|Any CPU
		{4C2B4D42-EE19-4229-AF6F-44505B562F69}.Release|x86.ActiveCfg = Release|Any CPU
		{4C2B4D42-EE19-4229-AF6F-44505B562F69}.Release|x86.Build.0 = Release|Any CPU
		{1D3DA4A1-B8D4-46A0-B3F1-F87FE3D8962F}.Debug|Any CPU.ActiveCfg = Debug|Any CPU
		{1D3DA4A1-B8D4-46A0-B3F1-F87FE3D8962F}.Debug|Any CPU.Build.0 = Debug|Any CPU
		{1D3DA4A1-B8D4-46A0-B3F1-F87FE3D8962F}.Debug|x64.ActiveCfg = Debug|Any CPU
		{1D3DA4A1-B8D4-46A0-B3F1-F87FE3D8962F}.Debug|x64.Build.0 = Debug|Any CPU
		{1D3DA4A1-B8D4-46A0-B3F1-F87FE3D8962F}.Debug|x86.ActiveCfg = Debug|Any CPU
		{1D3DA4A1-B8D4-46A0-B3F1-F87FE3D8962F}.Debug|x86.Build.0 = Debug|Any CPU
		{1D3DA4A1-B8D4-46A0-B3F1-F87FE3D8962F}.Release|Any CPU.ActiveCfg = Release|Any CPU
		{1D3DA4A1-B8D4-46A0-B3F1-F87FE3D8962F}.Release|Any CPU.Build.0 = Release|Any CPU
		{1D3DA4A1-B8D4-46A0-B3F1-F87FE3D8962F}.Release|x64.ActiveCfg = Release|Any CPU
		{1D3DA4A1-B8D4-46A0-B3F1-F87FE3D8962F}.Release|x64.Build.0 = Release|Any CPU
		{1D3DA4A1-B8D4-46A0-B3F1-F87FE3D8962F}.Release|x86.ActiveCfg = Release|Any CPU
		{1D3DA4A1-B8D4-46A0-B3F1-F87FE3D8962F}.Release|x86.Build.0 = Release|Any CPU
		{F7809071-F0A6-4CF1-B82B-5C6B4883118C}.Debug|Any CPU.ActiveCfg = Debug|Any CPU
		{F7809071-F0A6-4CF1-B82B-5C6B4883118C}.Debug|Any CPU.Build.0 = Debug|Any CPU
		{F7809071-F0A6-4CF1-B82B-5C6B4883118C}.Debug|x64.ActiveCfg = Debug|Any CPU
		{F7809071-F0A6-4CF1-B82B-5C6B4883118C}.Debug|x64.Build.0 = Debug|Any CPU
		{F7809071-F0A6-4CF1-B82B-5C6B4883118C}.Debug|x86.ActiveCfg = Debug|Any CPU
		{F7809071-F0A6-4CF1-B82B-5C6B4883118C}.Debug|x86.Build.0 = Debug|Any CPU
		{F7809071-F0A6-4CF1-B82B-5C6B4883118C}.Release|Any CPU.ActiveCfg = Release|Any CPU
		{F7809071-F0A6-4CF1-B82B-5C6B4883118C}.Release|Any CPU.Build.0 = Release|Any CPU
		{F7809071-F0A6-4CF1-B82B-5C6B4883118C}.Release|x64.ActiveCfg = Release|Any CPU
		{F7809071-F0A6-4CF1-B82B-5C6B4883118C}.Release|x64.Build.0 = Release|Any CPU
		{F7809071-F0A6-4CF1-B82B-5C6B4883118C}.Release|x86.ActiveCfg = Release|Any CPU
		{F7809071-F0A6-4CF1-B82B-5C6B4883118C}.Release|x86.Build.0 = Release|Any CPU
		{836DAE4D-0382-462A-98CF-C938B4E4E50F}.Debug|Any CPU.ActiveCfg = Debug|Any CPU
		{836DAE4D-0382-462A-98CF-C938B4E4E50F}.Debug|Any CPU.Build.0 = Debug|Any CPU
		{836DAE4D-0382-462A-98CF-C938B4E4E50F}.Debug|x64.ActiveCfg = Debug|Any CPU
		{836DAE4D-0382-462A-98CF-C938B4E4E50F}.Debug|x64.Build.0 = Debug|Any CPU
		{836DAE4D-0382-462A-98CF-C938B4E4E50F}.Debug|x86.ActiveCfg = Debug|Any CPU
		{836DAE4D-0382-462A-98CF-C938B4E4E50F}.Debug|x86.Build.0 = Debug|Any CPU
		{836DAE4D-0382-462A-98CF-C938B4E4E50F}.Release|Any CPU.ActiveCfg = Release|Any CPU
		{836DAE4D-0382-462A-98CF-C938B4E4E50F}.Release|Any CPU.Build.0 = Release|Any CPU
		{836DAE4D-0382-462A-98CF-C938B4E4E50F}.Release|x64.ActiveCfg = Release|Any CPU
		{836DAE4D-0382-462A-98CF-C938B4E4E50F}.Release|x64.Build.0 = Release|Any CPU
		{836DAE4D-0382-462A-98CF-C938B4E4E50F}.Release|x86.ActiveCfg = Release|Any CPU
		{836DAE4D-0382-462A-98CF-C938B4E4E50F}.Release|x86.Build.0 = Release|Any CPU
		{0B6B1F9B-9216-45E0-BE61-6D05DDA93FE4}.Debug|Any CPU.ActiveCfg = Debug|Any CPU
		{0B6B1F9B-9216-45E0-BE61-6D05DDA93FE4}.Debug|Any CPU.Build.0 = Debug|Any CPU
		{0B6B1F9B-9216-45E0-BE61-6D05DDA93FE4}.Debug|x64.ActiveCfg = Debug|Any CPU
		{0B6B1F9B-9216-45E0-BE61-6D05DDA93FE4}.Debug|x64.Build.0 = Debug|Any CPU
		{0B6B1F9B-9216-45E0-BE61-6D05DDA93FE4}.Debug|x86.ActiveCfg = Debug|Any CPU
		{0B6B1F9B-9216-45E0-BE61-6D05DDA93FE4}.Debug|x86.Build.0 = Debug|Any CPU
		{0B6B1F9B-9216-45E0-BE61-6D05DDA93FE4}.Release|Any CPU.ActiveCfg = Release|Any CPU
		{0B6B1F9B-9216-45E0-BE61-6D05DDA93FE4}.Release|Any CPU.Build.0 = Release|Any CPU
		{0B6B1F9B-9216-45E0-BE61-6D05DDA93FE4}.Release|x64.ActiveCfg = Release|Any CPU
		{0B6B1F9B-9216-45E0-BE61-6D05DDA93FE4}.Release|x64.Build.0 = Release|Any CPU
		{0B6B1F9B-9216-45E0-BE61-6D05DDA93FE4}.Release|x86.ActiveCfg = Release|Any CPU
		{0B6B1F9B-9216-45E0-BE61-6D05DDA93FE4}.Release|x86.Build.0 = Release|Any CPU
		{175CF5B4-C45C-42B9-AC2E-E449CC109675}.Debug|Any CPU.ActiveCfg = Debug|Any CPU
		{175CF5B4-C45C-42B9-AC2E-E449CC109675}.Debug|Any CPU.Build.0 = Debug|Any CPU
		{175CF5B4-C45C-42B9-AC2E-E449CC109675}.Debug|x64.ActiveCfg = Debug|Any CPU
		{175CF5B4-C45C-42B9-AC2E-E449CC109675}.Debug|x64.Build.0 = Debug|Any CPU
		{175CF5B4-C45C-42B9-AC2E-E449CC109675}.Debug|x86.ActiveCfg = Debug|Any CPU
		{175CF5B4-C45C-42B9-AC2E-E449CC109675}.Debug|x86.Build.0 = Debug|Any CPU
		{175CF5B4-C45C-42B9-AC2E-E449CC109675}.Release|Any CPU.ActiveCfg = Release|Any CPU
		{175CF5B4-C45C-42B9-AC2E-E449CC109675}.Release|Any CPU.Build.0 = Release|Any CPU
		{175CF5B4-C45C-42B9-AC2E-E449CC109675}.Release|x64.ActiveCfg = Release|Any CPU
		{175CF5B4-C45C-42B9-AC2E-E449CC109675}.Release|x64.Build.0 = Release|Any CPU
		{175CF5B4-C45C-42B9-AC2E-E449CC109675}.Release|x86.ActiveCfg = Release|Any CPU
		{175CF5B4-C45C-42B9-AC2E-E449CC109675}.Release|x86.Build.0 = Release|Any CPU
		{D62BDB43-C5DE-4811-86A5-11BF3280BBBC}.Debug|Any CPU.ActiveCfg = Debug|Any CPU
		{D62BDB43-C5DE-4811-86A5-11BF3280BBBC}.Debug|Any CPU.Build.0 = Debug|Any CPU
		{D62BDB43-C5DE-4811-86A5-11BF3280BBBC}.Debug|x64.ActiveCfg = Debug|Any CPU
		{D62BDB43-C5DE-4811-86A5-11BF3280BBBC}.Debug|x64.Build.0 = Debug|Any CPU
		{D62BDB43-C5DE-4811-86A5-11BF3280BBBC}.Debug|x86.ActiveCfg = Debug|Any CPU
		{D62BDB43-C5DE-4811-86A5-11BF3280BBBC}.Debug|x86.Build.0 = Debug|Any CPU
		{D62BDB43-C5DE-4811-86A5-11BF3280BBBC}.Release|Any CPU.ActiveCfg = Release|Any CPU
		{D62BDB43-C5DE-4811-86A5-11BF3280BBBC}.Release|Any CPU.Build.0 = Release|Any CPU
		{D62BDB43-C5DE-4811-86A5-11BF3280BBBC}.Release|x64.ActiveCfg = Release|Any CPU
		{D62BDB43-C5DE-4811-86A5-11BF3280BBBC}.Release|x64.Build.0 = Release|Any CPU
		{D62BDB43-C5DE-4811-86A5-11BF3280BBBC}.Release|x86.ActiveCfg = Release|Any CPU
		{D62BDB43-C5DE-4811-86A5-11BF3280BBBC}.Release|x86.Build.0 = Release|Any CPU
		{650F26E4-D8F3-4EEF-B03F-8FEE538011CC}.Debug|Any CPU.ActiveCfg = Debug|Any CPU
		{650F26E4-D8F3-4EEF-B03F-8FEE538011CC}.Debug|Any CPU.Build.0 = Debug|Any CPU
		{650F26E4-D8F3-4EEF-B03F-8FEE538011CC}.Debug|x64.ActiveCfg = Debug|Any CPU
		{650F26E4-D8F3-4EEF-B03F-8FEE538011CC}.Debug|x64.Build.0 = Debug|Any CPU
		{650F26E4-D8F3-4EEF-B03F-8FEE538011CC}.Debug|x86.ActiveCfg = Debug|Any CPU
		{650F26E4-D8F3-4EEF-B03F-8FEE538011CC}.Debug|x86.Build.0 = Debug|Any CPU
		{650F26E4-D8F3-4EEF-B03F-8FEE538011CC}.Release|Any CPU.ActiveCfg = Release|Any CPU
		{650F26E4-D8F3-4EEF-B03F-8FEE538011CC}.Release|Any CPU.Build.0 = Release|Any CPU
		{650F26E4-D8F3-4EEF-B03F-8FEE538011CC}.Release|x64.ActiveCfg = Release|Any CPU
		{650F26E4-D8F3-4EEF-B03F-8FEE538011CC}.Release|x64.Build.0 = Release|Any CPU
		{650F26E4-D8F3-4EEF-B03F-8FEE538011CC}.Release|x86.ActiveCfg = Release|Any CPU
		{650F26E4-D8F3-4EEF-B03F-8FEE538011CC}.Release|x86.Build.0 = Release|Any CPU
		{61104B52-731C-4BD8-B888-B37864F695A0}.Debug|Any CPU.ActiveCfg = Debug|Any CPU
		{61104B52-731C-4BD8-B888-B37864F695A0}.Debug|Any CPU.Build.0 = Debug|Any CPU
		{61104B52-731C-4BD8-B888-B37864F695A0}.Debug|x64.ActiveCfg = Debug|Any CPU
		{61104B52-731C-4BD8-B888-B37864F695A0}.Debug|x64.Build.0 = Debug|Any CPU
		{61104B52-731C-4BD8-B888-B37864F695A0}.Debug|x86.ActiveCfg = Debug|Any CPU
		{61104B52-731C-4BD8-B888-B37864F695A0}.Debug|x86.Build.0 = Debug|Any CPU
		{61104B52-731C-4BD8-B888-B37864F695A0}.Release|Any CPU.ActiveCfg = Release|Any CPU
		{61104B52-731C-4BD8-B888-B37864F695A0}.Release|Any CPU.Build.0 = Release|Any CPU
		{61104B52-731C-4BD8-B888-B37864F695A0}.Release|x64.ActiveCfg = Release|Any CPU
		{61104B52-731C-4BD8-B888-B37864F695A0}.Release|x64.Build.0 = Release|Any CPU
		{61104B52-731C-4BD8-B888-B37864F695A0}.Release|x86.ActiveCfg = Release|Any CPU
		{61104B52-731C-4BD8-B888-B37864F695A0}.Release|x86.Build.0 = Release|Any CPU
		{BBD38665-F691-4581-9EF0-ABA7D5296DB8}.Debug|Any CPU.ActiveCfg = Debug|Any CPU
		{BBD38665-F691-4581-9EF0-ABA7D5296DB8}.Debug|Any CPU.Build.0 = Debug|Any CPU
		{BBD38665-F691-4581-9EF0-ABA7D5296DB8}.Debug|x64.ActiveCfg = Debug|Any CPU
		{BBD38665-F691-4581-9EF0-ABA7D5296DB8}.Debug|x64.Build.0 = Debug|Any CPU
		{BBD38665-F691-4581-9EF0-ABA7D5296DB8}.Debug|x86.ActiveCfg = Debug|Any CPU
		{BBD38665-F691-4581-9EF0-ABA7D5296DB8}.Debug|x86.Build.0 = Debug|Any CPU
		{BBD38665-F691-4581-9EF0-ABA7D5296DB8}.Release|Any CPU.ActiveCfg = Release|Any CPU
		{BBD38665-F691-4581-9EF0-ABA7D5296DB8}.Release|Any CPU.Build.0 = Release|Any CPU
		{BBD38665-F691-4581-9EF0-ABA7D5296DB8}.Release|x64.ActiveCfg = Release|Any CPU
		{BBD38665-F691-4581-9EF0-ABA7D5296DB8}.Release|x64.Build.0 = Release|Any CPU
		{BBD38665-F691-4581-9EF0-ABA7D5296DB8}.Release|x86.ActiveCfg = Release|Any CPU
		{BBD38665-F691-4581-9EF0-ABA7D5296DB8}.Release|x86.Build.0 = Release|Any CPU
		{8E724097-FCBE-478D-8CD0-696C4E5F13A0}.Debug|Any CPU.ActiveCfg = Debug|Any CPU
		{8E724097-FCBE-478D-8CD0-696C4E5F13A0}.Debug|Any CPU.Build.0 = Debug|Any CPU
		{8E724097-FCBE-478D-8CD0-696C4E5F13A0}.Debug|x64.ActiveCfg = Debug|Any CPU
		{8E724097-FCBE-478D-8CD0-696C4E5F13A0}.Debug|x64.Build.0 = Debug|Any CPU
		{8E724097-FCBE-478D-8CD0-696C4E5F13A0}.Debug|x86.ActiveCfg = Debug|Any CPU
		{8E724097-FCBE-478D-8CD0-696C4E5F13A0}.Debug|x86.Build.0 = Debug|Any CPU
		{8E724097-FCBE-478D-8CD0-696C4E5F13A0}.Release|Any CPU.ActiveCfg = Release|Any CPU
		{8E724097-FCBE-478D-8CD0-696C4E5F13A0}.Release|Any CPU.Build.0 = Release|Any CPU
		{8E724097-FCBE-478D-8CD0-696C4E5F13A0}.Release|x64.ActiveCfg = Release|Any CPU
		{8E724097-FCBE-478D-8CD0-696C4E5F13A0}.Release|x64.Build.0 = Release|Any CPU
		{8E724097-FCBE-478D-8CD0-696C4E5F13A0}.Release|x86.ActiveCfg = Release|Any CPU
		{8E724097-FCBE-478D-8CD0-696C4E5F13A0}.Release|x86.Build.0 = Release|Any CPU
	EndGlobalSection
	GlobalSection(SolutionProperties) = preSolution
		HideSolutionNode = FALSE
	EndGlobalSection
EndGlobal
